
Microsoft Visual Studio Solution File, Format Version 12.00
# Visual Studio 15
VisualStudioVersion = 15.0.26430.16
MinimumVisualStudioVersion = 10.0.40219.1
Project("{FAE04EC0-301F-11D3-BF4B-00C04F79EFBC}") = "DICOMcloud.Azure", "DICOMcloud.Azure\DICOMcloud.Azure.csproj", "{85C81265-CA86-4C3D-93B9-7AC54FCD20AF}"
EndProject
Project("{FAE04EC0-301F-11D3-BF4B-00C04F79EFBC}") = "DICOMcloud.Wado", "DICOMcloud.Wado\DICOMcloud.Wado.csproj", "{55007666-7177-49CB-8577-80A013046A28}"
EndProject
Project("{FAE04EC0-301F-11D3-BF4B-00C04F79EFBC}") = "DICOMcloud.Wado.WebApi", "DICOMcloud.Wado.WebApi\DICOMcloud.Wado.WebApi.csproj", "{9DE7CFEE-C741-4722-B3DE-9BEE3DDD82DC}"
EndProject
Project("{00D1A9C2-B5F0-4AF3-8072-F6C62B433612}") = "DICOMcloud.SqlServerDatabase", "DICOMcloud.SqlServerDatabase\DICOMcloud.SqlServerDatabase.sqlproj", "{76F0A64D-B491-4C48-8FE6-9423E1C90D21}"
EndProject
Project("{2150E333-8FDC-42A3-9474-1A3956D46DE8}") = "UnitTests", "UnitTests", "{59B93221-120D-4BF7-8C5A-CC2765145395}"
EndProject
Project("{FAE04EC0-301F-11D3-BF4B-00C04F79EFBC}") = "DICOMcloud.UnitTest", "UnitTests\DICOMcloud.Dicom.UnitTest\DICOMcloud.UnitTest.csproj", "{537C5B38-10A6-4FE6-ACE3-86DEA1D040C8}"
EndProject
Project("{2150E333-8FDC-42A3-9474-1A3956D46DE8}") = "Solution Items", "Solution Items", "{A7BE32E4-56B3-4D99-845E-554E39843F97}"
EndProject
Project("{FAE04EC0-301F-11D3-BF4B-00C04F79EFBC}") = "DICOMcloud", "DICOMcloud\DICOMcloud.csproj", "{C9278C3E-53CB-4CB3-ADB6-FE64D2585E7A}"
EndProject
Project("{FAE04EC0-301F-11D3-BF4B-00C04F79EFBC}") = "DICOMcloud.DataAccess.Database", "DICOMcloud.DataAccess.Database\DICOMcloud.DataAccess.Database.csproj", "{4DBFD788-2CE9-449E-885A-70E55D83B528}"
EndProject
Project("{2150E333-8FDC-42A3-9474-1A3956D46DE8}") = "Database", "Database", "{2030022B-D40F-4A93-9F6B-7CB922FB49B4}"
EndProject
Project("{2150E333-8FDC-42A3-9474-1A3956D46DE8}") = "Library", "Library", "{8A37B518-B8AC-4785-94D2-F1EA6A8BA027}"
EndProject
Global
	GlobalSection(SolutionConfigurationPlatforms) = preSolution
		Debug|Any CPU = Debug|Any CPU
		Debug|x64 = Debug|x64
		Debug|x86 = Debug|x86
		Release|Any CPU = Release|Any CPU
		Release|x64 = Release|x64
		Release|x86 = Release|x86
		Test|Any CPU = Test|Any CPU
		Test|x64 = Test|x64
		Test|x86 = Test|x86
	EndGlobalSection
	GlobalSection(ProjectConfigurationPlatforms) = postSolution
		{85C81265-CA86-4C3D-93B9-7AC54FCD20AF}.Debug|Any CPU.ActiveCfg = Debug|Any CPU
		{85C81265-CA86-4C3D-93B9-7AC54FCD20AF}.Debug|Any CPU.Build.0 = Debug|Any CPU
		{85C81265-CA86-4C3D-93B9-7AC54FCD20AF}.Debug|x64.ActiveCfg = Debug|Any CPU
		{85C81265-CA86-4C3D-93B9-7AC54FCD20AF}.Debug|x64.Build.0 = Debug|Any CPU
		{85C81265-CA86-4C3D-93B9-7AC54FCD20AF}.Debug|x86.ActiveCfg = Debug|Any CPU
		{85C81265-CA86-4C3D-93B9-7AC54FCD20AF}.Debug|x86.Build.0 = Debug|Any CPU
		{85C81265-CA86-4C3D-93B9-7AC54FCD20AF}.Release|Any CPU.ActiveCfg = Release|Any CPU
		{85C81265-CA86-4C3D-93B9-7AC54FCD20AF}.Release|Any CPU.Build.0 = Release|Any CPU
		{85C81265-CA86-4C3D-93B9-7AC54FCD20AF}.Release|x64.ActiveCfg = Release|Any CPU
		{85C81265-CA86-4C3D-93B9-7AC54FCD20AF}.Release|x64.Build.0 = Release|Any CPU
		{85C81265-CA86-4C3D-93B9-7AC54FCD20AF}.Release|x86.ActiveCfg = Release|Any CPU
		{85C81265-CA86-4C3D-93B9-7AC54FCD20AF}.Release|x86.Build.0 = Release|Any CPU
		{85C81265-CA86-4C3D-93B9-7AC54FCD20AF}.Test|Any CPU.ActiveCfg = Test|Any CPU
		{85C81265-CA86-4C3D-93B9-7AC54FCD20AF}.Test|Any CPU.Build.0 = Test|Any CPU
		{85C81265-CA86-4C3D-93B9-7AC54FCD20AF}.Test|x64.ActiveCfg = Test|Any CPU
		{85C81265-CA86-4C3D-93B9-7AC54FCD20AF}.Test|x64.Build.0 = Test|Any CPU
		{85C81265-CA86-4C3D-93B9-7AC54FCD20AF}.Test|x86.ActiveCfg = Test|Any CPU
		{85C81265-CA86-4C3D-93B9-7AC54FCD20AF}.Test|x86.Build.0 = Test|Any CPU
		{55007666-7177-49CB-8577-80A013046A28}.Debug|Any CPU.ActiveCfg = Debug|Any CPU
		{55007666-7177-49CB-8577-80A013046A28}.Debug|Any CPU.Build.0 = Debug|Any CPU
		{55007666-7177-49CB-8577-80A013046A28}.Debug|x64.ActiveCfg = Debug|Any CPU
		{55007666-7177-49CB-8577-80A013046A28}.Debug|x64.Build.0 = Debug|Any CPU
		{55007666-7177-49CB-8577-80A013046A28}.Debug|x86.ActiveCfg = Debug|Any CPU
		{55007666-7177-49CB-8577-80A013046A28}.Debug|x86.Build.0 = Debug|Any CPU
		{55007666-7177-49CB-8577-80A013046A28}.Release|Any CPU.ActiveCfg = Release|Any CPU
		{55007666-7177-49CB-8577-80A013046A28}.Release|Any CPU.Build.0 = Release|Any CPU
		{55007666-7177-49CB-8577-80A013046A28}.Release|x64.ActiveCfg = Release|Any CPU
		{55007666-7177-49CB-8577-80A013046A28}.Release|x64.Build.0 = Release|Any CPU
		{55007666-7177-49CB-8577-80A013046A28}.Release|x86.ActiveCfg = Release|Any CPU
		{55007666-7177-49CB-8577-80A013046A28}.Release|x86.Build.0 = Release|Any CPU
		{55007666-7177-49CB-8577-80A013046A28}.Test|Any CPU.ActiveCfg = Test|Any CPU
		{55007666-7177-49CB-8577-80A013046A28}.Test|Any CPU.Build.0 = Test|Any CPU
		{55007666-7177-49CB-8577-80A013046A28}.Test|x64.ActiveCfg = Test|Any CPU
		{55007666-7177-49CB-8577-80A013046A28}.Test|x64.Build.0 = Test|Any CPU
		{55007666-7177-49CB-8577-80A013046A28}.Test|x86.ActiveCfg = Test|Any CPU
		{55007666-7177-49CB-8577-80A013046A28}.Test|x86.Build.0 = Test|Any CPU
		{9DE7CFEE-C741-4722-B3DE-9BEE3DDD82DC}.Debug|Any CPU.ActiveCfg = Debug|Any CPU
		{9DE7CFEE-C741-4722-B3DE-9BEE3DDD82DC}.Debug|Any CPU.Build.0 = Debug|Any CPU
		{9DE7CFEE-C741-4722-B3DE-9BEE3DDD82DC}.Debug|x64.ActiveCfg = Debug|x64
		{9DE7CFEE-C741-4722-B3DE-9BEE3DDD82DC}.Debug|x64.Build.0 = Debug|x64
		{9DE7CFEE-C741-4722-B3DE-9BEE3DDD82DC}.Debug|x86.ActiveCfg = Debug|x86
		{9DE7CFEE-C741-4722-B3DE-9BEE3DDD82DC}.Debug|x86.Build.0 = Debug|x86
		{9DE7CFEE-C741-4722-B3DE-9BEE3DDD82DC}.Release|Any CPU.ActiveCfg = Release|x86
		{9DE7CFEE-C741-4722-B3DE-9BEE3DDD82DC}.Release|Any CPU.Build.0 = Release|x86
		{9DE7CFEE-C741-4722-B3DE-9BEE3DDD82DC}.Release|x64.ActiveCfg = Release|x64
		{9DE7CFEE-C741-4722-B3DE-9BEE3DDD82DC}.Release|x64.Build.0 = Release|x64
		{9DE7CFEE-C741-4722-B3DE-9BEE3DDD82DC}.Release|x86.ActiveCfg = Release|x86
		{9DE7CFEE-C741-4722-B3DE-9BEE3DDD82DC}.Release|x86.Build.0 = Release|x86
		{9DE7CFEE-C741-4722-B3DE-9BEE3DDD82DC}.Test|Any CPU.ActiveCfg = Test|Any CPU
		{9DE7CFEE-C741-4722-B3DE-9BEE3DDD82DC}.Test|Any CPU.Build.0 = Test|Any CPU
		{9DE7CFEE-C741-4722-B3DE-9BEE3DDD82DC}.Test|x64.ActiveCfg = Test|x64
		{9DE7CFEE-C741-4722-B3DE-9BEE3DDD82DC}.Test|x64.Build.0 = Test|x64
		{9DE7CFEE-C741-4722-B3DE-9BEE3DDD82DC}.Test|x86.ActiveCfg = Test|x86
		{9DE7CFEE-C741-4722-B3DE-9BEE3DDD82DC}.Test|x86.Build.0 = Test|x86
		{76F0A64D-B491-4C48-8FE6-9423E1C90D21}.Debug|Any CPU.ActiveCfg = Debug|Any CPU
		{76F0A64D-B491-4C48-8FE6-9423E1C90D21}.Debug|x64.ActiveCfg = Debug|Any CPU
		{76F0A64D-B491-4C48-8FE6-9423E1C90D21}.Debug|x64.Build.0 = Debug|Any CPU
		{76F0A64D-B491-4C48-8FE6-9423E1C90D21}.Debug|x64.Deploy.0 = Debug|Any CPU
		{76F0A64D-B491-4C48-8FE6-9423E1C90D21}.Debug|x86.ActiveCfg = Debug|Any CPU
		{76F0A64D-B491-4C48-8FE6-9423E1C90D21}.Debug|x86.Build.0 = Debug|Any CPU
		{76F0A64D-B491-4C48-8FE6-9423E1C90D21}.Debug|x86.Deploy.0 = Debug|Any CPU
		{76F0A64D-B491-4C48-8FE6-9423E1C90D21}.Release|Any CPU.ActiveCfg = Release|Any CPU
		{76F0A64D-B491-4C48-8FE6-9423E1C90D21}.Release|Any CPU.Build.0 = Release|Any CPU
		{76F0A64D-B491-4C48-8FE6-9423E1C90D21}.Release|x64.ActiveCfg = Release|Any CPU
		{76F0A64D-B491-4C48-8FE6-9423E1C90D21}.Release|x64.Build.0 = Release|Any CPU
		{76F0A64D-B491-4C48-8FE6-9423E1C90D21}.Release|x64.Deploy.0 = Release|Any CPU
		{76F0A64D-B491-4C48-8FE6-9423E1C90D21}.Release|x86.ActiveCfg = Release|Any CPU
		{76F0A64D-B491-4C48-8FE6-9423E1C90D21}.Release|x86.Build.0 = Release|Any CPU
		{76F0A64D-B491-4C48-8FE6-9423E1C90D21}.Release|x86.Deploy.0 = Release|Any CPU
		{76F0A64D-B491-4C48-8FE6-9423E1C90D21}.Test|Any CPU.ActiveCfg = Debug|Any CPU
		{76F0A64D-B491-4C48-8FE6-9423E1C90D21}.Test|Any CPU.Build.0 = Debug|Any CPU
		{76F0A64D-B491-4C48-8FE6-9423E1C90D21}.Test|Any CPU.Deploy.0 = Debug|Any CPU
		{76F0A64D-B491-4C48-8FE6-9423E1C90D21}.Test|x64.ActiveCfg = Debug|Any CPU
		{76F0A64D-B491-4C48-8FE6-9423E1C90D21}.Test|x64.Build.0 = Debug|Any CPU
		{76F0A64D-B491-4C48-8FE6-9423E1C90D21}.Test|x64.Deploy.0 = Debug|Any CPU
		{76F0A64D-B491-4C48-8FE6-9423E1C90D21}.Test|x86.ActiveCfg = Debug|Any CPU
		{76F0A64D-B491-4C48-8FE6-9423E1C90D21}.Test|x86.Build.0 = Debug|Any CPU
		{76F0A64D-B491-4C48-8FE6-9423E1C90D21}.Test|x86.Deploy.0 = Debug|Any CPU
		{537C5B38-10A6-4FE6-ACE3-86DEA1D040C8}.Debug|Any CPU.ActiveCfg = Debug|Any CPU
		{537C5B38-10A6-4FE6-ACE3-86DEA1D040C8}.Debug|Any CPU.Build.0 = Debug|Any CPU
		{537C5B38-10A6-4FE6-ACE3-86DEA1D040C8}.Debug|x64.ActiveCfg = Debug|Any CPU
		{537C5B38-10A6-4FE6-ACE3-86DEA1D040C8}.Debug|x64.Build.0 = Debug|Any CPU
		{537C5B38-10A6-4FE6-ACE3-86DEA1D040C8}.Debug|x86.ActiveCfg = Debug|Any CPU
		{537C5B38-10A6-4FE6-ACE3-86DEA1D040C8}.Debug|x86.Build.0 = Debug|Any CPU
		{537C5B38-10A6-4FE6-ACE3-86DEA1D040C8}.Release|Any CPU.ActiveCfg = Release|Any CPU
		{537C5B38-10A6-4FE6-ACE3-86DEA1D040C8}.Release|Any CPU.Build.0 = Release|Any CPU
		{537C5B38-10A6-4FE6-ACE3-86DEA1D040C8}.Release|x64.ActiveCfg = Release|Any CPU
		{537C5B38-10A6-4FE6-ACE3-86DEA1D040C8}.Release|x64.Build.0 = Release|Any CPU
		{537C5B38-10A6-4FE6-ACE3-86DEA1D040C8}.Release|x86.ActiveCfg = Release|Any CPU
		{537C5B38-10A6-4FE6-ACE3-86DEA1D040C8}.Release|x86.Build.0 = Release|Any CPU
		{537C5B38-10A6-4FE6-ACE3-86DEA1D040C8}.Test|Any CPU.ActiveCfg = Release|Any CPU
		{537C5B38-10A6-4FE6-ACE3-86DEA1D040C8}.Test|Any CPU.Build.0 = Release|Any CPU
		{537C5B38-10A6-4FE6-ACE3-86DEA1D040C8}.Test|x64.ActiveCfg = Release|Any CPU
		{537C5B38-10A6-4FE6-ACE3-86DEA1D040C8}.Test|x64.Build.0 = Release|Any CPU
		{537C5B38-10A6-4FE6-ACE3-86DEA1D040C8}.Test|x86.ActiveCfg = Release|Any CPU
		{537C5B38-10A6-4FE6-ACE3-86DEA1D040C8}.Test|x86.Build.0 = Release|Any CPU
		{C9278C3E-53CB-4CB3-ADB6-FE64D2585E7A}.Debug|Any CPU.ActiveCfg = Debug|Any CPU
		{C9278C3E-53CB-4CB3-ADB6-FE64D2585E7A}.Debug|Any CPU.Build.0 = Debug|Any CPU
		{C9278C3E-53CB-4CB3-ADB6-FE64D2585E7A}.Debug|x64.ActiveCfg = Debug|Any CPU
		{C9278C3E-53CB-4CB3-ADB6-FE64D2585E7A}.Debug|x64.Build.0 = Debug|Any CPU
		{C9278C3E-53CB-4CB3-ADB6-FE64D2585E7A}.Debug|x86.ActiveCfg = Debug|Any CPU
		{C9278C3E-53CB-4CB3-ADB6-FE64D2585E7A}.Debug|x86.Build.0 = Debug|Any CPU
		{C9278C3E-53CB-4CB3-ADB6-FE64D2585E7A}.Release|Any CPU.ActiveCfg = Release|Any CPU
		{C9278C3E-53CB-4CB3-ADB6-FE64D2585E7A}.Release|Any CPU.Build.0 = Release|Any CPU
		{C9278C3E-53CB-4CB3-ADB6-FE64D2585E7A}.Release|x64.ActiveCfg = Release|Any CPU
		{C9278C3E-53CB-4CB3-ADB6-FE64D2585E7A}.Release|x64.Build.0 = Release|Any CPU
		{C9278C3E-53CB-4CB3-ADB6-FE64D2585E7A}.Release|x86.ActiveCfg = Release|Any CPU
		{C9278C3E-53CB-4CB3-ADB6-FE64D2585E7A}.Release|x86.Build.0 = Release|Any CPU
		{C9278C3E-53CB-4CB3-ADB6-FE64D2585E7A}.Test|Any CPU.ActiveCfg = Release|Any CPU
		{C9278C3E-53CB-4CB3-ADB6-FE64D2585E7A}.Test|Any CPU.Build.0 = Release|Any CPU
		{C9278C3E-53CB-4CB3-ADB6-FE64D2585E7A}.Test|x64.ActiveCfg = Release|Any CPU
		{C9278C3E-53CB-4CB3-ADB6-FE64D2585E7A}.Test|x64.Build.0 = Release|Any CPU
		{C9278C3E-53CB-4CB3-ADB6-FE64D2585E7A}.Test|x86.ActiveCfg = Release|Any CPU
		{C9278C3E-53CB-4CB3-ADB6-FE64D2585E7A}.Test|x86.Build.0 = Release|Any CPU
		{4DBFD788-2CE9-449E-885A-70E55D83B528}.Debug|Any CPU.ActiveCfg = Debug|Any CPU
		{4DBFD788-2CE9-449E-885A-70E55D83B528}.Debug|Any CPU.Build.0 = Debug|Any CPU
		{4DBFD788-2CE9-449E-885A-70E55D83B528}.Debug|x64.ActiveCfg = Debug|Any CPU
		{4DBFD788-2CE9-449E-885A-70E55D83B528}.Debug|x64.Build.0 = Debug|Any CPU
		{4DBFD788-2CE9-449E-885A-70E55D83B528}.Debug|x86.ActiveCfg = Debug|Any CPU
		{4DBFD788-2CE9-449E-885A-70E55D83B528}.Debug|x86.Build.0 = Debug|Any CPU
		{4DBFD788-2CE9-449E-885A-70E55D83B528}.Release|Any CPU.ActiveCfg = Release|Any CPU
		{4DBFD788-2CE9-449E-885A-70E55D83B528}.Release|Any CPU.Build.0 = Release|Any CPU
		{4DBFD788-2CE9-449E-885A-70E55D83B528}.Release|x64.ActiveCfg = Release|Any CPU
		{4DBFD788-2CE9-449E-885A-70E55D83B528}.Release|x64.Build.0 = Release|Any CPU
		{4DBFD788-2CE9-449E-885A-70E55D83B528}.Release|x86.ActiveCfg = Release|Any CPU
		{4DBFD788-2CE9-449E-885A-70E55D83B528}.Release|x86.Build.0 = Release|Any CPU
		{4DBFD788-2CE9-449E-885A-70E55D83B528}.Test|Any CPU.ActiveCfg = Release|Any CPU
		{4DBFD788-2CE9-449E-885A-70E55D83B528}.Test|Any CPU.Build.0 = Release|Any CPU
		{4DBFD788-2CE9-449E-885A-70E55D83B528}.Test|x64.ActiveCfg = Release|Any CPU
		{4DBFD788-2CE9-449E-885A-70E55D83B528}.Test|x64.Build.0 = Release|Any CPU
		{4DBFD788-2CE9-449E-885A-70E55D83B528}.Test|x86.ActiveCfg = Release|Any CPU
		{4DBFD788-2CE9-449E-885A-70E55D83B528}.Test|x86.Build.0 = Release|Any CPU
	EndGlobalSection
	GlobalSection(SolutionProperties) = preSolution
		HideSolutionNode = FALSE
	EndGlobalSection
	GlobalSection(NestedProjects) = preSolution
		{85C81265-CA86-4C3D-93B9-7AC54FCD20AF} = {8A37B518-B8AC-4785-94D2-F1EA6A8BA027}
		{55007666-7177-49CB-8577-80A013046A28} = {8A37B518-B8AC-4785-94D2-F1EA6A8BA027}
		{76F0A64D-B491-4C48-8FE6-9423E1C90D21} = {2030022B-D40F-4A93-9F6B-7CB922FB49B4}
		{537C5B38-10A6-4FE6-ACE3-86DEA1D040C8} = {59B93221-120D-4BF7-8C5A-CC2765145395}
		{C9278C3E-53CB-4CB3-ADB6-FE64D2585E7A} = {8A37B518-B8AC-4785-94D2-F1EA6A8BA027}
		{4DBFD788-2CE9-449E-885A-70E55D83B528} = {8A37B518-B8AC-4785-94D2-F1EA6A8BA027}
	EndGlobalSection
	GlobalSection(ExtensibilityGlobals) = postSolution
		SolutionGuid = {C07843A2-55D3-44F9-A338-8DEFD93E1540}
	EndGlobalSection
EndGlobal
