
Microsoft Visual Studio Solution File, Format Version 12.00
# Visual Studio Version 17
VisualStudioVersion = 17.3.32929.385
MinimumVisualStudioVersion = 10.0.40219.1
Project("{2150E333-8FDC-42A3-9474-1A3956D46DE8}") = "UnitTests", "UnitTests", "{59B93221-120D-4BF7-8C5A-CC2765145395}"
	ProjectSection(SolutionItems) = preProject
		Test_Data\database\DICOMcloud.mdf = Test_Data\database\DICOMcloud.mdf
	EndProjectSection
EndProject
Project("{2150E333-8FDC-42A3-9474-1A3956D46DE8}") = "Solution Items", "Solution Items", "{A7BE32E4-56B3-4D99-845E-554E39843F97}"
EndProject
Project("{2150E333-8FDC-42A3-9474-1A3956D46DE8}") = "Library", "Library", "{8A37B518-B8AC-4785-94D2-F1EA6A8BA027}"
EndProject
Project("{9A19103F-16F7-4668-BE54-9A1E7A4F7556}") = "DICOMcloud.Wado.WebApi.Core", "DICOMcloud.Wado.WebApi.Core\DICOMcloud.Wado.WebApi.Core.csproj", "{05307D9A-1716-4F57-A9F6-D1936533A728}"
EndProject
Project("{9A19103F-16F7-4668-BE54-9A1E7A4F7556}") = "DICOMcloud.Core", "DICOMcloud.Core\DICOMcloud.Core.csproj", "{55E204B2-09A7-4277-9656-B3EA2513073A}"
EndProject
Project("{9A19103F-16F7-4668-BE54-9A1E7A4F7556}") = "DICOMcloud.DataAccess.Database.Core", "DICOMcloud.DataAccess.Database.Core\DICOMcloud.DataAccess.Database.Core.csproj", "{CE131702-A17A-412B-A374-90F466990B17}"
EndProject
Project("{9A19103F-16F7-4668-BE54-9A1E7A4F7556}") = "DICOMcloud.Wado.Core", "DICOMcloud.Wado.Core\DICOMcloud.Wado.Core.csproj", "{AB1B1C09-365C-4CB0-B3AC-8EEC75DEC9B2}"
EndProject
Project("{9A19103F-16F7-4668-BE54-9A1E7A4F7556}") = "DICOMcloud.Core.Test", "DICOMcloud.Core.Test\DICOMcloud.Core.Test.csproj", "{C9813EF1-71BF-48B2-BBF9-DA231B771A9F}"
EndProject
Project("{9A19103F-16F7-4668-BE54-9A1E7A4F7556}") = "DICOMcloud.DataAccess.Database.Core.Test", "TestProject1\DICOMcloud.DataAccess.Database.Core.Test.csproj", "{13494DB3-4FB2-44C5-BF47-9CB224799312}"
EndProject
Project("{9A19103F-16F7-4668-BE54-9A1E7A4F7556}") = "DICOMcloud.Azure.Core", "DICOMcloud.Azure.Core\DICOMcloud.Azure.Core.csproj", "{DFBF6081-FE56-47D6-9402-4236DBEECF2A}"
EndProject
Project("{00D1A9C2-B5F0-4AF3-8072-F6C62B433612}") = "DICOMcloud.SqlServerDatabase", "DICOMcloud.SqlServerDatabase\DICOMcloud.SqlServerDatabase.sqlproj", "{76F0A64D-B491-4C48-8FE6-9423E1C90D21}"
EndProject
Project("{2150E333-8FDC-42A3-9474-1A3956D46DE8}") = "Database", "Database", "{34A38670-7FD0-4375-BAA2-2FAD40B79261}"
EndProject
Global
	GlobalSection(SolutionConfigurationPlatforms) = preSolution
		Debug|Any CPU = Debug|Any CPU
		Debug|x64 = Debug|x64
		Debug|x86 = Debug|x86
		Release|Any CPU = Release|Any CPU
		Release|x64 = Release|x64
		Release|x86 = Release|x86
		Test|Any CPU = Test|Any CPU
		Test|x64 = Test|x64
		Test|x86 = Test|x86
	EndGlobalSection
	GlobalSection(ProjectConfigurationPlatforms) = postSolution
		{05307D9A-1716-4F57-A9F6-D1936533A728}.Debug|Any CPU.ActiveCfg = Debug|Any CPU
		{05307D9A-1716-4F57-A9F6-D1936533A728}.Debug|Any CPU.Build.0 = Debug|Any CPU
		{05307D9A-1716-4F57-A9F6-D1936533A728}.Debug|x64.ActiveCfg = Debug|Any CPU
		{05307D9A-1716-4F57-A9F6-D1936533A728}.Debug|x64.Build.0 = Debug|Any CPU
		{05307D9A-1716-4F57-A9F6-D1936533A728}.Debug|x86.ActiveCfg = Debug|Any CPU
		{05307D9A-1716-4F57-A9F6-D1936533A728}.Debug|x86.Build.0 = Debug|Any CPU
		{05307D9A-1716-4F57-A9F6-D1936533A728}.Release|Any CPU.ActiveCfg = Release|Any CPU
		{05307D9A-1716-4F57-A9F6-D1936533A728}.Release|Any CPU.Build.0 = Release|Any CPU
		{05307D9A-1716-4F57-A9F6-D1936533A728}.Release|x64.ActiveCfg = Release|Any CPU
		{05307D9A-1716-4F57-A9F6-D1936533A728}.Release|x64.Build.0 = Release|Any CPU
		{05307D9A-1716-4F57-A9F6-D1936533A728}.Release|x86.ActiveCfg = Release|Any CPU
		{05307D9A-1716-4F57-A9F6-D1936533A728}.Release|x86.Build.0 = Release|Any CPU
		{05307D9A-1716-4F57-A9F6-D1936533A728}.Test|Any CPU.ActiveCfg = Debug|Any CPU
		{05307D9A-1716-4F57-A9F6-D1936533A728}.Test|Any CPU.Build.0 = Debug|Any CPU
		{05307D9A-1716-4F57-A9F6-D1936533A728}.Test|x64.ActiveCfg = Debug|Any CPU
		{05307D9A-1716-4F57-A9F6-D1936533A728}.Test|x64.Build.0 = Debug|Any CPU
		{05307D9A-1716-4F57-A9F6-D1936533A728}.Test|x86.ActiveCfg = Debug|Any CPU
		{05307D9A-1716-4F57-A9F6-D1936533A728}.Test|x86.Build.0 = Debug|Any CPU
		{55E204B2-09A7-4277-9656-B3EA2513073A}.Debug|Any CPU.ActiveCfg = Debug|Any CPU
		{55E204B2-09A7-4277-9656-B3EA2513073A}.Debug|Any CPU.Build.0 = Debug|Any CPU
		{55E204B2-09A7-4277-9656-B3EA2513073A}.Debug|x64.ActiveCfg = Debug|Any CPU
		{55E204B2-09A7-4277-9656-B3EA2513073A}.Debug|x64.Build.0 = Debug|Any CPU
		{55E204B2-09A7-4277-9656-B3EA2513073A}.Debug|x86.ActiveCfg = Debug|Any CPU
		{55E204B2-09A7-4277-9656-B3EA2513073A}.Debug|x86.Build.0 = Debug|Any CPU
		{55E204B2-09A7-4277-9656-B3EA2513073A}.Release|Any CPU.ActiveCfg = Release|Any CPU
		{55E204B2-09A7-4277-9656-B3EA2513073A}.Release|Any CPU.Build.0 = Release|Any CPU
		{55E204B2-09A7-4277-9656-B3EA2513073A}.Release|x64.ActiveCfg = Release|Any CPU
		{55E204B2-09A7-4277-9656-B3EA2513073A}.Release|x64.Build.0 = Release|Any CPU
		{55E204B2-09A7-4277-9656-B3EA2513073A}.Release|x86.ActiveCfg = Release|Any CPU
		{55E204B2-09A7-4277-9656-B3EA2513073A}.Release|x86.Build.0 = Release|Any CPU
		{55E204B2-09A7-4277-9656-B3EA2513073A}.Test|Any CPU.ActiveCfg = Debug|Any CPU
		{55E204B2-09A7-4277-9656-B3EA2513073A}.Test|Any CPU.Build.0 = Debug|Any CPU
		{55E204B2-09A7-4277-9656-B3EA2513073A}.Test|x64.ActiveCfg = Debug|Any CPU
		{55E204B2-09A7-4277-9656-B3EA2513073A}.Test|x64.Build.0 = Debug|Any CPU
		{55E204B2-09A7-4277-9656-B3EA2513073A}.Test|x86.ActiveCfg = Debug|Any CPU
		{55E204B2-09A7-4277-9656-B3EA2513073A}.Test|x86.Build.0 = Debug|Any CPU
		{CE131702-A17A-412B-A374-90F466990B17}.Debug|Any CPU.ActiveCfg = Debug|Any CPU
		{CE131702-A17A-412B-A374-90F466990B17}.Debug|Any CPU.Build.0 = Debug|Any CPU
		{CE131702-A17A-412B-A374-90F466990B17}.Debug|x64.ActiveCfg = Debug|Any CPU
		{CE131702-A17A-412B-A374-90F466990B17}.Debug|x64.Build.0 = Debug|Any CPU
		{CE131702-A17A-412B-A374-90F466990B17}.Debug|x86.ActiveCfg = Debug|Any CPU
		{CE131702-A17A-412B-A374-90F466990B17}.Debug|x86.Build.0 = Debug|Any CPU
		{CE131702-A17A-412B-A374-90F466990B17}.Release|Any CPU.ActiveCfg = Release|Any CPU
		{CE131702-A17A-412B-A374-90F466990B17}.Release|Any CPU.Build.0 = Release|Any CPU
		{CE131702-A17A-412B-A374-90F466990B17}.Release|x64.ActiveCfg = Release|Any CPU
		{CE131702-A17A-412B-A374-90F466990B17}.Release|x64.Build.0 = Release|Any CPU
		{CE131702-A17A-412B-A374-90F466990B17}.Release|x86.ActiveCfg = Release|Any CPU
		{CE131702-A17A-412B-A374-90F466990B17}.Release|x86.Build.0 = Release|Any CPU
		{CE131702-A17A-412B-A374-90F466990B17}.Test|Any CPU.ActiveCfg = Debug|Any CPU
		{CE131702-A17A-412B-A374-90F466990B17}.Test|Any CPU.Build.0 = Debug|Any CPU
		{CE131702-A17A-412B-A374-90F466990B17}.Test|x64.ActiveCfg = Debug|Any CPU
		{CE131702-A17A-412B-A374-90F466990B17}.Test|x64.Build.0 = Debug|Any CPU
		{CE131702-A17A-412B-A374-90F466990B17}.Test|x86.ActiveCfg = Debug|Any CPU
		{CE131702-A17A-412B-A374-90F466990B17}.Test|x86.Build.0 = Debug|Any CPU
		{AB1B1C09-365C-4CB0-B3AC-8EEC75DEC9B2}.Debug|Any CPU.ActiveCfg = Debug|Any CPU
		{AB1B1C09-365C-4CB0-B3AC-8EEC75DEC9B2}.Debug|Any CPU.Build.0 = Debug|Any CPU
		{AB1B1C09-365C-4CB0-B3AC-8EEC75DEC9B2}.Debug|x64.ActiveCfg = Debug|Any CPU
		{AB1B1C09-365C-4CB0-B3AC-8EEC75DEC9B2}.Debug|x64.Build.0 = Debug|Any CPU
		{AB1B1C09-365C-4CB0-B3AC-8EEC75DEC9B2}.Debug|x86.ActiveCfg = Debug|Any CPU
		{AB1B1C09-365C-4CB0-B3AC-8EEC75DEC9B2}.Debug|x86.Build.0 = Debug|Any CPU
		{AB1B1C09-365C-4CB0-B3AC-8EEC75DEC9B2}.Release|Any CPU.ActiveCfg = Release|Any CPU
		{AB1B1C09-365C-4CB0-B3AC-8EEC75DEC9B2}.Release|Any CPU.Build.0 = Release|Any CPU
		{AB1B1C09-365C-4CB0-B3AC-8EEC75DEC9B2}.Release|x64.ActiveCfg = Release|Any CPU
		{AB1B1C09-365C-4CB0-B3AC-8EEC75DEC9B2}.Release|x64.Build.0 = Release|Any CPU
		{AB1B1C09-365C-4CB0-B3AC-8EEC75DEC9B2}.Release|x86.ActiveCfg = Release|Any CPU
		{AB1B1C09-365C-4CB0-B3AC-8EEC75DEC9B2}.Release|x86.Build.0 = Release|Any CPU
		{AB1B1C09-365C-4CB0-B3AC-8EEC75DEC9B2}.Test|Any CPU.ActiveCfg = Debug|Any CPU
		{AB1B1C09-365C-4CB0-B3AC-8EEC75DEC9B2}.Test|Any CPU.Build.0 = Debug|Any CPU
		{AB1B1C09-365C-4CB0-B3AC-8EEC75DEC9B2}.Test|x64.ActiveCfg = Debug|Any CPU
		{AB1B1C09-365C-4CB0-B3AC-8EEC75DEC9B2}.Test|x64.Build.0 = Debug|Any CPU
		{AB1B1C09-365C-4CB0-B3AC-8EEC75DEC9B2}.Test|x86.ActiveCfg = Debug|Any CPU
		{AB1B1C09-365C-4CB0-B3AC-8EEC75DEC9B2}.Test|x86.Build.0 = Debug|Any CPU
		{C9813EF1-71BF-48B2-BBF9-DA231B771A9F}.Debug|Any CPU.ActiveCfg = Debug|Any CPU
		{C9813EF1-71BF-48B2-BBF9-DA231B771A9F}.Debug|Any CPU.Build.0 = Debug|Any CPU
		{C9813EF1-71BF-48B2-BBF9-DA231B771A9F}.Debug|x64.ActiveCfg = Debug|Any CPU
		{C9813EF1-71BF-48B2-BBF9-DA231B771A9F}.Debug|x64.Build.0 = Debug|Any CPU
		{C9813EF1-71BF-48B2-BBF9-DA231B771A9F}.Debug|x86.ActiveCfg = Debug|Any CPU
		{C9813EF1-71BF-48B2-BBF9-DA231B771A9F}.Debug|x86.Build.0 = Debug|Any CPU
		{C9813EF1-71BF-48B2-BBF9-DA231B771A9F}.Release|Any CPU.ActiveCfg = Release|Any CPU
		{C9813EF1-71BF-48B2-BBF9-DA231B771A9F}.Release|Any CPU.Build.0 = Release|Any CPU
		{C9813EF1-71BF-48B2-BBF9-DA231B771A9F}.Release|x64.ActiveCfg = Release|Any CPU
		{C9813EF1-71BF-48B2-BBF9-DA231B771A9F}.Release|x64.Build.0 = Release|Any CPU
		{C9813EF1-71BF-48B2-BBF9-DA231B771A9F}.Release|x86.ActiveCfg = Release|Any CPU
		{C9813EF1-71BF-48B2-BBF9-DA231B771A9F}.Release|x86.Build.0 = Release|Any CPU
		{C9813EF1-71BF-48B2-BBF9-DA231B771A9F}.Test|Any CPU.ActiveCfg = Debug|Any CPU
		{C9813EF1-71BF-48B2-BBF9-DA231B771A9F}.Test|Any CPU.Build.0 = Debug|Any CPU
		{C9813EF1-71BF-48B2-BBF9-DA231B771A9F}.Test|x64.ActiveCfg = Debug|Any CPU
		{C9813EF1-71BF-48B2-BBF9-DA231B771A9F}.Test|x64.Build.0 = Debug|Any CPU
		{C9813EF1-71BF-48B2-BBF9-DA231B771A9F}.Test|x86.ActiveCfg = Debug|Any CPU
		{C9813EF1-71BF-48B2-BBF9-DA231B771A9F}.Test|x86.Build.0 = Debug|Any CPU
		{13494DB3-4FB2-44C5-BF47-9CB224799312}.Debug|Any CPU.ActiveCfg = Debug|Any CPU
		{13494DB3-4FB2-44C5-BF47-9CB224799312}.Debug|Any CPU.Build.0 = Debug|Any CPU
		{13494DB3-4FB2-44C5-BF47-9CB224799312}.Debug|x64.ActiveCfg = Debug|Any CPU
		{13494DB3-4FB2-44C5-BF47-9CB224799312}.Debug|x64.Build.0 = Debug|Any CPU
		{13494DB3-4FB2-44C5-BF47-9CB224799312}.Debug|x86.ActiveCfg = Debug|Any CPU
		{13494DB3-4FB2-44C5-BF47-9CB224799312}.Debug|x86.Build.0 = Debug|Any CPU
		{13494DB3-4FB2-44C5-BF47-9CB224799312}.Release|Any CPU.ActiveCfg = Release|Any CPU
		{13494DB3-4FB2-44C5-BF47-9CB224799312}.Release|Any CPU.Build.0 = Release|Any CPU
		{13494DB3-4FB2-44C5-BF47-9CB224799312}.Release|x64.ActiveCfg = Release|Any CPU
		{13494DB3-4FB2-44C5-BF47-9CB224799312}.Release|x64.Build.0 = Release|Any CPU
		{13494DB3-4FB2-44C5-BF47-9CB224799312}.Release|x86.ActiveCfg = Release|Any CPU
		{13494DB3-4FB2-44C5-BF47-9CB224799312}.Release|x86.Build.0 = Release|Any CPU
		{13494DB3-4FB2-44C5-BF47-9CB224799312}.Test|Any CPU.ActiveCfg = Debug|Any CPU
		{13494DB3-4FB2-44C5-BF47-9CB224799312}.Test|Any CPU.Build.0 = Debug|Any CPU
		{13494DB3-4FB2-44C5-BF47-9CB224799312}.Test|x64.ActiveCfg = Debug|Any CPU
		{13494DB3-4FB2-44C5-BF47-9CB224799312}.Test|x64.Build.0 = Debug|Any CPU
		{13494DB3-4FB2-44C5-BF47-9CB224799312}.Test|x86.ActiveCfg = Debug|Any CPU
		{13494DB3-4FB2-44C5-BF47-9CB224799312}.Test|x86.Build.0 = Debug|Any CPU
		{DFBF6081-FE56-47D6-9402-4236DBEECF2A}.Debug|Any CPU.ActiveCfg = Debug|Any CPU
		{DFBF6081-FE56-47D6-9402-4236DBEECF2A}.Debug|Any CPU.Build.0 = Debug|Any CPU
		{DFBF6081-FE56-47D6-9402-4236DBEECF2A}.Debug|x64.ActiveCfg = Debug|Any CPU
		{DFBF6081-FE56-47D6-9402-4236DBEECF2A}.Debug|x64.Build.0 = Debug|Any CPU
		{DFBF6081-FE56-47D6-9402-4236DBEECF2A}.Debug|x86.ActiveCfg = Debug|Any CPU
		{DFBF6081-FE56-47D6-9402-4236DBEECF2A}.Debug|x86.Build.0 = Debug|Any CPU
		{DFBF6081-FE56-47D6-9402-4236DBEECF2A}.Release|Any CPU.ActiveCfg = Release|Any CPU
		{DFBF6081-FE56-47D6-9402-4236DBEECF2A}.Release|Any CPU.Build.0 = Release|Any CPU
		{DFBF6081-FE56-47D6-9402-4236DBEECF2A}.Release|x64.ActiveCfg = Release|Any CPU
		{DFBF6081-FE56-47D6-9402-4236DBEECF2A}.Release|x64.Build.0 = Release|Any CPU
		{DFBF6081-FE56-47D6-9402-4236DBEECF2A}.Release|x86.ActiveCfg = Release|Any CPU
		{DFBF6081-FE56-47D6-9402-4236DBEECF2A}.Release|x86.Build.0 = Release|Any CPU
		{DFBF6081-FE56-47D6-9402-4236DBEECF2A}.Test|Any CPU.ActiveCfg = Debug|Any CPU
		{DFBF6081-FE56-47D6-9402-4236DBEECF2A}.Test|Any CPU.Build.0 = Debug|Any CPU
		{DFBF6081-FE56-47D6-9402-4236DBEECF2A}.Test|x64.ActiveCfg = Debug|Any CPU
		{DFBF6081-FE56-47D6-9402-4236DBEECF2A}.Test|x64.Build.0 = Debug|Any CPU
		{DFBF6081-FE56-47D6-9402-4236DBEECF2A}.Test|x86.ActiveCfg = Debug|Any CPU
		{DFBF6081-FE56-47D6-9402-4236DBEECF2A}.Test|x86.Build.0 = Debug|Any CPU
		{76F0A64D-B491-4C48-8FE6-9423E1C90D21}.Debug|Any CPU.ActiveCfg = Debug|Any CPU
		{76F0A64D-B491-4C48-8FE6-9423E1C90D21}.Debug|Any CPU.Deploy.0 = Debug|Any CPU
		{76F0A64D-B491-4C48-8FE6-9423E1C90D21}.Debug|x64.ActiveCfg = Debug|Any CPU
		{76F0A64D-B491-4C48-8FE6-9423E1C90D21}.Debug|x64.Build.0 = Debug|Any CPU
		{76F0A64D-B491-4C48-8FE6-9423E1C90D21}.Debug|x64.Deploy.0 = Debug|Any CPU
		{76F0A64D-B491-4C48-8FE6-9423E1C90D21}.Debug|x86.ActiveCfg = Debug|Any CPU
		{76F0A64D-B491-4C48-8FE6-9423E1C90D21}.Debug|x86.Build.0 = Debug|Any CPU
		{76F0A64D-B491-4C48-8FE6-9423E1C90D21}.Debug|x86.Deploy.0 = Debug|Any CPU
		{76F0A64D-B491-4C48-8FE6-9423E1C90D21}.Release|Any CPU.ActiveCfg = Release|Any CPU
		{76F0A64D-B491-4C48-8FE6-9423E1C90D21}.Release|Any CPU.Deploy.0 = Release|Any CPU
		{76F0A64D-B491-4C48-8FE6-9423E1C90D21}.Release|x64.ActiveCfg = Release|Any CPU
		{76F0A64D-B491-4C48-8FE6-9423E1C90D21}.Release|x64.Build.0 = Release|Any CPU
		{76F0A64D-B491-4C48-8FE6-9423E1C90D21}.Release|x64.Deploy.0 = Release|Any CPU
		{76F0A64D-B491-4C48-8FE6-9423E1C90D21}.Release|x86.ActiveCfg = Release|Any CPU
		{76F0A64D-B491-4C48-8FE6-9423E1C90D21}.Release|x86.Build.0 = Release|Any CPU
		{76F0A64D-B491-4C48-8FE6-9423E1C90D21}.Release|x86.Deploy.0 = Release|Any CPU
		{76F0A64D-B491-4C48-8FE6-9423E1C90D21}.Test|Any CPU.ActiveCfg = Release|Any CPU
		{76F0A64D-B491-4C48-8FE6-9423E1C90D21}.Test|Any CPU.Build.0 = Release|Any CPU
		{76F0A64D-B491-4C48-8FE6-9423E1C90D21}.Test|Any CPU.Deploy.0 = Release|Any CPU
		{76F0A64D-B491-4C48-8FE6-9423E1C90D21}.Test|x64.ActiveCfg = Release|Any CPU
		{76F0A64D-B491-4C48-8FE6-9423E1C90D21}.Test|x64.Build.0 = Release|Any CPU
		{76F0A64D-B491-4C48-8FE6-9423E1C90D21}.Test|x64.Deploy.0 = Release|Any CPU
		{76F0A64D-B491-4C48-8FE6-9423E1C90D21}.Test|x86.ActiveCfg = Release|Any CPU
		{76F0A64D-B491-4C48-8FE6-9423E1C90D21}.Test|x86.Build.0 = Release|Any CPU
		{76F0A64D-B491-4C48-8FE6-9423E1C90D21}.Test|x86.Deploy.0 = Release|Any CPU
	EndGlobalSection
	GlobalSection(SolutionProperties) = preSolution
		HideSolutionNode = FALSE
	EndGlobalSection
	GlobalSection(NestedProjects) = preSolution
		{55E204B2-09A7-4277-9656-B3EA2513073A} = {8A37B518-B8AC-4785-94D2-F1EA6A8BA027}
		{CE131702-A17A-412B-A374-90F466990B17} = {8A37B518-B8AC-4785-94D2-F1EA6A8BA027}
		{AB1B1C09-365C-4CB0-B3AC-8EEC75DEC9B2} = {8A37B518-B8AC-4785-94D2-F1EA6A8BA027}
		{C9813EF1-71BF-48B2-BBF9-DA231B771A9F} = {59B93221-120D-4BF7-8C5A-CC2765145395}
		{13494DB3-4FB2-44C5-BF47-9CB224799312} = {59B93221-120D-4BF7-8C5A-CC2765145395}
		{DFBF6081-FE56-47D6-9402-4236DBEECF2A} = {8A37B518-B8AC-4785-94D2-F1EA6A8BA027}
		{76F0A64D-B491-4C48-8FE6-9423E1C90D21} = {34A38670-7FD0-4375-BAA2-2FAD40B79261}
	EndGlobalSection
	GlobalSection(ExtensibilityGlobals) = postSolution
		SolutionGuid = {C07843A2-55D3-44F9-A338-8DEFD93E1540}
	EndGlobalSection
EndGlobal
